
Microsoft Visual Studio Solution File, Format Version 12.00
# Visual Studio Version 16
VisualStudioVersion = 16.0.810.16
MinimumVisualStudioVersion = 10.0.40219.1
Project("{FAE04EC0-301F-11D3-BF4B-00C04F79EFBC}") = "SelectionStatementsExercise", "SelectionStatementsExercise\SelectionStatementsExercise.csproj", "{689437F1-7426-41A9-AE72-B053853E5967}"
EndProject
Global
	GlobalSection(SolutionConfigurationPlatforms) = preSolution
		Debug|Any CPU = Debug|Any CPU
		Release|Any CPU = Release|Any CPU
	EndGlobalSection
	GlobalSection(ProjectConfigurationPlatforms) = postSolution
		{689437F1-7426-41A9-AE72-B053853E5967}.Debug|Any CPU.ActiveCfg = Debug|Any CPU
		{689437F1-7426-41A9-AE72-B053853E5967}.Debug|Any CPU.Build.0 = Debug|Any CPU
		{689437F1-7426-41A9-AE72-B053853E5967}.Release|Any CPU.ActiveCfg = Release|Any CPU
		{689437F1-7426-41A9-AE72-B053853E5967}.Release|Any CPU.Build.0 = Release|Any CPU
	EndGlobalSection
	GlobalSection(SolutionProperties) = preSolution
		HideSolutionNode = FALSE
	EndGlobalSection
	GlobalSection(ExtensibilityGlobals) = postSolution
		SolutionGuid = {CD45E311-A0E1-40D5-93B7-08D2A03B960B}
	EndGlobalSection
EndGlobal
